
Microsoft Visual Studio Solution File, Format Version 12.00
# Visual Studio 15
VisualStudioVersion = 15.0.28010.2046
MinimumVisualStudioVersion = 10.0.40219.1
Project("{FAE04EC0-301F-11D3-BF4B-00C04F79EFBC}") = "List", "List\List.csproj", "{35AB3AC2-3635-4F79-92F7-D83C6A904FB8}"
EndProject
Global
	GlobalSection(SolutionConfigurationPlatforms) = preSolution
		Debug|Any CPU = Debug|Any CPU
		Release|Any CPU = Release|Any CPU
	EndGlobalSection
	GlobalSection(ProjectConfigurationPlatforms) = postSolution
		{35AB3AC2-3635-4F79-92F7-D83C6A904FB8}.Debug|Any CPU.ActiveCfg = Debug|Any CPU
		{35AB3AC2-3635-4F79-92F7-D83C6A904FB8}.Debug|Any CPU.Build.0 = Debug|Any CPU
		{35AB3AC2-3635-4F79-92F7-D83C6A904FB8}.Release|Any CPU.ActiveCfg = Release|Any CPU
		{35AB3AC2-3635-4F79-92F7-D83C6A904FB8}.Release|Any CPU.Build.0 = Release|Any CPU
	EndGlobalSection
	GlobalSection(SolutionProperties) = preSolution
		HideSolutionNode = FALSE
	EndGlobalSection
	GlobalSection(ExtensibilityGlobals) = postSolution
		SolutionGuid = {25595DCF-72A2-4D0A-AD27-A5F0DBA51012}
	EndGlobalSection
EndGlobal
